
Microsoft Visual Studio Solution File, Format Version 12.00
# Visual Studio Version 16
VisualStudioVersion = 16.0.31729.503
MinimumVisualStudioVersion = 10.0.40219.1
Project("{FAE04EC0-301F-11D3-BF4B-00C04F79EFBC}") = "WpfApp22", "WpfApp22\WpfApp22.csproj", "{A01A5875-E19F-4861-8693-1BD0BAAE199C}"
EndProject
Global
	GlobalSection(SolutionConfigurationPlatforms) = preSolution
		Debug|Any CPU = Debug|Any CPU
		Debug|x64 = Debug|x64
		Release|Any CPU = Release|Any CPU
		Release|x64 = Release|x64
	EndGlobalSection
	GlobalSection(ProjectConfigurationPlatforms) = postSolution
		{A01A5875-E19F-4861-8693-1BD0BAAE199C}.Debug|Any CPU.ActiveCfg = Debug|Any CPU
		{A01A5875-E19F-4861-8693-1BD0BAAE199C}.Debug|Any CPU.Build.0 = Debug|Any CPU
		{A01A5875-E19F-4861-8693-1BD0BAAE199C}.Debug|x64.ActiveCfg = Debug|x64
		{A01A5875-E19F-4861-8693-1BD0BAAE199C}.Debug|x64.Build.0 = Debug|x64
		{A01A5875-E19F-4861-8693-1BD0BAAE199C}.Release|Any CPU.ActiveCfg = Release|Any CPU
		{A01A5875-E19F-4861-8693-1BD0BAAE199C}.Release|Any CPU.Build.0 = Release|Any CPU
		{A01A5875-E19F-4861-8693-1BD0BAAE199C}.Release|x64.ActiveCfg = Release|x64
		{A01A5875-E19F-4861-8693-1BD0BAAE199C}.Release|x64.Build.0 = Release|x64
	EndGlobalSection
	GlobalSection(SolutionProperties) = preSolution
		HideSolutionNode = FALSE
	EndGlobalSection
	GlobalSection(ExtensibilityGlobals) = postSolution
		SolutionGuid = {A8DEE8F4-AE89-4F6C-BD13-A86F4A0DD794}
	EndGlobalSection
EndGlobal
